
Microsoft Visual Studio Solution File, Format Version 12.00
# Visual Studio Version 16
VisualStudioVersion = 16.0.32630.194
MinimumVisualStudioVersion = 10.0.40219.1
Project("{E24C65DC-7377-472B-9ABA-BC803B73C61A}") = "Code", ".", "{EE0FD2C5-9775-45F7-9D34-60C7A167DF15}"
	ProjectSection(WebsiteProperties) = preProject
		TargetFrameworkMoniker = ".NETFramework,Version%3Dv4.0"
		Debug.AspNetCompiler.VirtualPath = "/localhost_60905"
		Debug.AspNetCompiler.PhysicalPath = "..\Code\"
		Debug.AspNetCompiler.TargetPath = "PrecompiledWeb\localhost_60905\"
		Debug.AspNetCompiler.Updateable = "true"
		Debug.AspNetCompiler.ForceOverwrite = "true"
		Debug.AspNetCompiler.FixedNames = "false"
		Debug.AspNetCompiler.Debug = "True"
		Release.AspNetCompiler.VirtualPath = "/localhost_60905"
		Release.AspNetCompiler.PhysicalPath = "..\Code\"
		Release.AspNetCompiler.TargetPath = "PrecompiledWeb\localhost_60905\"
		Release.AspNetCompiler.Updateable = "true"
		Release.AspNetCompiler.ForceOverwrite = "true"
		Release.AspNetCompiler.FixedNames = "false"
		Release.AspNetCompiler.Debug = "False"
		VWDPort = "60905"
		SlnRelativePath = "..\Code\"
	EndProjectSection
EndProject
Global
	GlobalSection(SolutionConfigurationPlatforms) = preSolution
		Debug|Any CPU = Debug|Any CPU
	EndGlobalSection
	GlobalSection(ProjectConfigurationPlatforms) = postSolution
		{EE0FD2C5-9775-45F7-9D34-60C7A167DF15}.Debug|Any CPU.ActiveCfg = Debug|Any CPU
		{EE0FD2C5-9775-45F7-9D34-60C7A167DF15}.Debug|Any CPU.Build.0 = Debug|Any CPU
	EndGlobalSection
	GlobalSection(SolutionProperties) = preSolution
		HideSolutionNode = FALSE
	EndGlobalSection
	GlobalSection(ExtensibilityGlobals) = postSolution
		SolutionGuid = {EB78FB02-90EB-49DD-A1F1-BA6E20A7AC75}
	EndGlobalSection
EndGlobal
